
Microsoft Visual Studio Solution File, Format Version 12.00
# Visual Studio Version 16
VisualStudioVersion = 16.0.30114.105
MinimumVisualStudioVersion = 10.0.40219.1
Project("{FAE04EC0-301F-11D3-BF4B-00C04F79EFBC}") = "API", "API\API.csproj", "{3C03DA78-A3B6-47EA-B063-74003D60DCAF}"
EndProject
Project("{FAE04EC0-301F-11D3-BF4B-00C04F79EFBC}") = "Core", "Core\Core.csproj", "{06B1192B-E886-4C7F-BC6D-8E692EC02CDC}"
EndProject
Project("{FAE04EC0-301F-11D3-BF4B-00C04F79EFBC}") = "Infrastructure", "Infrastructure\Infrastructure.csproj", "{734FFCA3-E85A-4954-874B-B622FA36FAE8}"
EndProject
Global
	GlobalSection(SolutionConfigurationPlatforms) = preSolution
		Debug|Any CPU = Debug|Any CPU
		Release|Any CPU = Release|Any CPU
	EndGlobalSection
	GlobalSection(SolutionProperties) = preSolution
		HideSolutionNode = FALSE
	EndGlobalSection
	GlobalSection(ProjectConfigurationPlatforms) = postSolution
		{3C03DA78-A3B6-47EA-B063-74003D60DCAF}.Debug|Any CPU.ActiveCfg = Debug|Any CPU
		{3C03DA78-A3B6-47EA-B063-74003D60DCAF}.Debug|Any CPU.Build.0 = Debug|Any CPU
		{3C03DA78-A3B6-47EA-B063-74003D60DCAF}.Release|Any CPU.ActiveCfg = Release|Any CPU
		{3C03DA78-A3B6-47EA-B063-74003D60DCAF}.Release|Any CPU.Build.0 = Release|Any CPU
		{06B1192B-E886-4C7F-BC6D-8E692EC02CDC}.Debug|Any CPU.ActiveCfg = Debug|Any CPU
		{06B1192B-E886-4C7F-BC6D-8E692EC02CDC}.Debug|Any CPU.Build.0 = Debug|Any CPU
		{06B1192B-E886-4C7F-BC6D-8E692EC02CDC}.Release|Any CPU.ActiveCfg = Release|Any CPU
		{06B1192B-E886-4C7F-BC6D-8E692EC02CDC}.Release|Any CPU.Build.0 = Release|Any CPU
		{734FFCA3-E85A-4954-874B-B622FA36FAE8}.Debug|Any CPU.ActiveCfg = Debug|Any CPU
		{734FFCA3-E85A-4954-874B-B622FA36FAE8}.Debug|Any CPU.Build.0 = Debug|Any CPU
		{734FFCA3-E85A-4954-874B-B622FA36FAE8}.Release|Any CPU.ActiveCfg = Release|Any CPU
		{734FFCA3-E85A-4954-874B-B622FA36FAE8}.Release|Any CPU.Build.0 = Release|Any CPU
	EndGlobalSection
EndGlobal
